# Generated by pub
# See http://pub.dartlang.org/doc/glossary.html#lockfile
packages:
  browser:
    description: browser
    source: hosted
    version: "0.5.9"
  json_object:
    description: json_object
    source: hosted
    version: "1.0.15+2"
  meta:
    description: meta
    source: hosted
    version: "0.5.11+1"
  siege_engine:
    description:
      ref: null
      resolved-ref: b344e8e6d625a517faa0a3e3c35643b477d854dd
      url: "git://github.com/Absor/siege_engine.git"
    source: git
    version: "0.1.0"
  space_shared:
    description:
      ref: null
      resolved-ref: "7ee2679969bfe1b3a32fe9b9478c453874d7a9a5"
      url: "git://github.com/Absor/space_shared.git"
    source: git
    version: "0.1.0"
